// !$*UTF8*$!
{
	archiveVersion = 1;
	classes = {
	};
	objectVersion = 50;
	objects = {

/* Begin PBXBuildFile section */
		9A8F4467213AB9B800241E4A /* AppDelegate.swift in Sources */ = {isa = PBXBuildFile; fileRef = 9A8F4466213AB9B800241E4A /* AppDelegate.swift */; };
		9A8F4469213AB9B800241E4A /* SearchViewController.swift in Sources */ = {isa = PBXBuildFile; fileRef = 9A8F4468213AB9B800241E4A /* SearchViewController.swift */; };
		9A8F446C213AB9B800241E4A /* Main.storyboard in Resources */ = {isa = PBXBuildFile; fileRef = 9A8F446A213AB9B800241E4A /* Main.storyboard */; };
		9A8F446E213AB9B900241E4A /* Assets.xcassets in Resources */ = {isa = PBXBuildFile; fileRef = 9A8F446D213AB9B900241E4A /* Assets.xcassets */; };
		9A8F4471213AB9B900241E4A /* LaunchScreen.storyboard in Resources */ = {isa = PBXBuildFile; fileRef = 9A8F446F213AB9B900241E4A /* LaunchScreen.storyboard */; };
		9A8F447C213ABA5A00241E4A /* ResultTableViewCell.swift in Sources */ = {isa = PBXBuildFile; fileRef = 9A8F447B213ABA5A00241E4A /* ResultTableViewCell.swift */; };
		9A8F447F213ABE5D00241E4A /* NetworkManager.swift in Sources */ = {isa = PBXBuildFile; fileRef = 9A8F447E213ABE5D00241E4A /* NetworkManager.swift */; };
		9A8F4485213AC5F100241E4A /* WikipediaManager.swift in Sources */ = {isa = PBXBuildFile; fileRef = 9A8F4484213AC5F100241E4A /* WikipediaManager.swift */; };
		9A8F4487213ADC0200241E4A /* CachedImageView.swift in Sources */ = {isa = PBXBuildFile; fileRef = 9A8F4486213ADC0200241E4A /* CachedImageView.swift */; };
		9A8F448A213B23F400241E4A /* CacheManager.swift in Sources */ = {isa = PBXBuildFile; fileRef = 9A8F4489213B23F400241E4A /* CacheManager.swift */; };
		9A8F448C213BDCE900241E4A /* Result.swift in Sources */ = {isa = PBXBuildFile; fileRef = 9A8F448B213BDCE900241E4A /* Result.swift */; };
		9A8F448E213BDDB700241E4A /* WikipediaResult.swift in Sources */ = {isa = PBXBuildFile; fileRef = 9A8F448D213BDDB700241E4A /* WikipediaResult.swift */; };
		9A8F4490213BE04A00241E4A /* SearchDetailViewController.swift in Sources */ = {isa = PBXBuildFile; fileRef = 9A8F448F213BE04A00241E4A /* SearchDetailViewController.swift */; };
/* End PBXBuildFile section */

/* Begin PBXFileReference section */
		9A8F4463213AB9B800241E4A /* WikiSearch.app */ = {isa = PBXFileReference; explicitFileType = wrapper.application; includeInIndex = 0; path = WikiSearch.app; sourceTree = BUILT_PRODUCTS_DIR; };
		9A8F4466213AB9B800241E4A /* AppDelegate.swift */ = {isa = PBXFileReference; lastKnownFileType = sourcecode.swift; path = AppDelegate.swift; sourceTree = "<group>"; };
		9A8F4468213AB9B800241E4A /* SearchViewController.swift */ = {isa = PBXFileReference; lastKnownFileType = sourcecode.swift; path = SearchViewController.swift; sourceTree = "<group>"; };
		9A8F446B213AB9B800241E4A /* Base */ = {isa = PBXFileReference; lastKnownFileType = file.storyboard; name = Base; path = Base.lproj/Main.storyboard; sourceTree = "<group>"; };
		9A8F446D213AB9B900241E4A /* Assets.xcassets */ = {isa = PBXFileReference; lastKnownFileType = folder.assetcatalog; path = Assets.xcassets; sourceTree = "<group>"; };
		9A8F4470213AB9B900241E4A /* Base */ = {isa = PBXFileReference; lastKnownFileType = file.storyboard; name = Base; path = Base.lproj/LaunchScreen.storyboard; sourceTree = "<group>"; };
		9A8F4472213AB9B900241E4A /* Info.plist */ = {isa = PBXFileReference; lastKnownFileType = text.plist.xml; path = Info.plist; sourceTree = "<group>"; };
		9A8F447B213ABA5A00241E4A /* ResultTableViewCell.swift */ = {isa = PBXFileReference; lastKnownFileType = sourcecode.swift; path = ResultTableViewCell.swift; sourceTree = "<group>"; };
		9A8F447E213ABE5D00241E4A /* NetworkManager.swift */ = {isa = PBXFileReference; lastKnownFileType = sourcecode.swift; path = NetworkManager.swift; sourceTree = "<group>"; };
		9A8F4484213AC5F100241E4A /* WikipediaManager.swift */ = {isa = PBXFileReference; lastKnownFileType = sourcecode.swift; path = WikipediaManager.swift; sourceTree = "<group>"; };
		9A8F4486213ADC0200241E4A /* CachedImageView.swift */ = {isa = PBXFileReference; fileEncoding = 4; lastKnownFileType = sourcecode.swift; path = CachedImageView.swift; sourceTree = "<group>"; };
		9A8F4489213B23F400241E4A /* CacheManager.swift */ = {isa = PBXFileReference; lastKnownFileType = sourcecode.swift; path = CacheManager.swift; sourceTree = "<group>"; };
		9A8F448B213BDCE900241E4A /* Result.swift */ = {isa = PBXFileReference; lastKnownFileType = sourcecode.swift; path = Result.swift; sourceTree = "<group>"; };
		9A8F448D213BDDB700241E4A /* WikipediaResult.swift */ = {isa = PBXFileReference; lastKnownFileType = sourcecode.swift; path = WikipediaResult.swift; sourceTree = "<group>"; };
		9A8F448F213BE04A00241E4A /* SearchDetailViewController.swift */ = {isa = PBXFileReference; lastKnownFileType = sourcecode.swift; path = SearchDetailViewController.swift; sourceTree = "<group>"; };
/* End PBXFileReference section */

/* Begin PBXFrameworksBuildPhase section */
		9A8F4460213AB9B800241E4A /* Frameworks */ = {
			isa = PBXFrameworksBuildPhase;
			buildActionMask = 2147483647;
			files = (
			);
			runOnlyForDeploymentPostprocessing = 0;
		};
/* End PBXFrameworksBuildPhase section */

/* Begin PBXGroup section */
		9A8F445A213AB9B800241E4A = {
			isa = PBXGroup;
			children = (
				9A8F4465213AB9B800241E4A /* WikiSearch */,
				9A8F4464213AB9B800241E4A /* Products */,
			);
			sourceTree = "<group>";
		};
		9A8F4464213AB9B800241E4A /* Products */ = {
			isa = PBXGroup;
			children = (
				9A8F4463213AB9B800241E4A /* WikiSearch.app */,
			);
			name = Products;
			sourceTree = "<group>";
		};
		9A8F4465213AB9B800241E4A /* WikiSearch */ = {
			isa = PBXGroup;
			children = (
				9A8F4480213ABEDE00241E4A /* WikipediaHandler */,
				9A8F447D213ABE0900241E4A /* NetworkHandler */,
				9A8F447A213AB9FD00241E4A /* Controller */,
				9A8F4479213AB9F700241E4A /* View */,
				9A8F4478213AB9F100241E4A /* Model */,
				9A8F4466213AB9B800241E4A /* AppDelegate.swift */,
				9A8F446D213AB9B900241E4A /* Assets.xcassets */,
				9A8F446F213AB9B900241E4A /* LaunchScreen.storyboard */,
				9A8F4472213AB9B900241E4A /* Info.plist */,
			);
			path = WikiSearch;
			sourceTree = "<group>";
		};
		9A8F4478213AB9F100241E4A /* Model */ = {
			isa = PBXGroup;
			children = (
				9A8F448B213BDCE900241E4A /* Result.swift */,
			);
			path = Model;
			sourceTree = "<group>";
		};
		9A8F4479213AB9F700241E4A /* View */ = {
			isa = PBXGroup;
			children = (
				9A8F4486213ADC0200241E4A /* CachedImageView.swift */,
				9A8F446A213AB9B800241E4A /* Main.storyboard */,
				9A8F447B213ABA5A00241E4A /* ResultTableViewCell.swift */,
			);
			path = View;
			sourceTree = "<group>";
		};
		9A8F447A213AB9FD00241E4A /* Controller */ = {
			isa = PBXGroup;
			children = (
				9A8F4468213AB9B800241E4A /* SearchViewController.swift */,
				9A8F448F213BE04A00241E4A /* SearchDetailViewController.swift */,
			);
			path = Controller;
			sourceTree = "<group>";
		};
		9A8F447D213ABE0900241E4A /* NetworkHandler */ = {
			isa = PBXGroup;
			children = (
				9A8F447E213ABE5D00241E4A /* NetworkManager.swift */,
				9A8F4489213B23F400241E4A /* CacheManager.swift */,
			);
			path = NetworkHandler;
			sourceTree = "<group>";
		};
		9A8F4480213ABEDE00241E4A /* WikipediaHandler */ = {
			isa = PBXGroup;
			children = (
				9A8F4484213AC5F100241E4A /* WikipediaManager.swift */,
				9A8F448D213BDDB700241E4A /* WikipediaResult.swift */,
			);
			path = WikipediaHandler;
			sourceTree = "<group>";
		};
/* End PBXGroup section */

/* Begin PBXNativeTarget section */
		9A8F4462213AB9B800241E4A /* WikiSearch */ = {
			isa = PBXNativeTarget;
			buildConfigurationList = 9A8F4475213AB9B900241E4A /* Build configuration list for PBXNativeTarget "WikiSearch" */;
			buildPhases = (
				9A8F445F213AB9B800241E4A /* Sources */,
				9A8F4460213AB9B800241E4A /* Frameworks */,
				9A8F4461213AB9B800241E4A /* Resources */,
			);
			buildRules = (
			);
			dependencies = (
			);
			name = WikiSearch;
			productName = WikiSearch;
			productReference = 9A8F4463213AB9B800241E4A /* WikiSearch.app */;
			productType = "com.apple.product-type.application";
		};
/* End PBXNativeTarget section */

/* Begin PBXProject section */
		9A8F445B213AB9B800241E4A /* Project object */ = {
			isa = PBXProject;
			attributes = {
				LastSwiftUpdateCheck = 0940;
				LastUpgradeCheck = 0940;
				ORGANIZATIONNAME = "Dipika Madan";
				TargetAttributes = {
					9A8F4462213AB9B800241E4A = {
						CreatedOnToolsVersion = 9.4.1;
					};
				};
			};
			buildConfigurationList = 9A8F445E213AB9B800241E4A /* Build configuration list for PBXProject "WikiSearch" */;
			compatibilityVersion = "Xcode 9.3";
			developmentRegion = en;
			hasScannedForEncodings = 0;
			knownRegions = (
				en,
				Base,
			);
			mainGroup = 9A8F445A213AB9B800241E4A;
			productRefGroup = 9A8F4464213AB9B800241E4A /* Products */;
			projectDirPath = "";
			projectRoot = "";
			targets = (
				9A8F4462213AB9B800241E4A /* WikiSearch */,
			);
		};
/* End PBXProject section */

/* Begin PBXResourcesBuildPhase section */
		9A8F4461213AB9B800241E4A /* Resources */ = {
			isa = PBXResourcesBuildPhase;
			buildActionMask = 2147483647;
			files = (
				9A8F4471213AB9B900241E4A /* LaunchScreen.storyboard in Resources */,
				9A8F446E213AB9B900241E4A /* Assets.xcassets in Resources */,
				9A8F446C213AB9B800241E4A /* Main.storyboard in Resources */,
			);
			runOnlyForDeploymentPostprocessing = 0;
		};
/* End PBXResourcesBuildPhase section */

/* Begin PBXSourcesBuildPhase section */
		9A8F445F213AB9B800241E4A /* Sources */ = {
			isa = PBXSourcesBuildPhase;
			buildActionMask = 2147483647;
			files = (
				9A8F447F213ABE5D00241E4A /* NetworkManager.swift in Sources */,
				9A8F4485213AC5F100241E4A /* WikipediaManager.swift in Sources */,
				9A8F448E213BDDB700241E4A /* WikipediaResult.swift in Sources */,
				9A8F4469213AB9B800241E4A /* SearchViewController.swift in Sources */,
				9A8F447C213ABA5A00241E4A /* ResultTableViewCell.swift in Sources */,
				9A8F4487213ADC0200241E4A /* CachedImageView.swift in Sources */,
				9A8F4490213BE04A00241E4A /* SearchDetailViewController.swift in Sources */,
				9A8F4467213AB9B800241E4A /* AppDelegate.swift in Sources */,
				9A8F448C213BDCE900241E4A /* Result.swift in Sources */,
				9A8F448A213B23F400241E4A /* CacheManager.swift in Sources */,
			);
			runOnlyForDeploymentPostprocessing = 0;
		};
/* End PBXSourcesBuildPhase section */

/* Begin PBXVariantGroup section */
		9A8F446A213AB9B800241E4A /* Main.storyboard */ = {
			isa = PBXVariantGroup;
			children = (
				9A8F446B213AB9B800241E4A /* Base */,
			);
			name = Main.storyboard;
			sourceTree = "<group>";
		};
		9A8F446F213AB9B900241E4A /* LaunchScreen.storyboard */ = {
			isa = PBXVariantGroup;
			children = (
				9A8F4470213AB9B900241E4A /* Base */,
			);
			name = LaunchScreen.storyboard;
			sourceTree = "<group>";
		};
/* End PBXVariantGroup section */

/* Begin XCBuildConfiguration section */
		9A8F4473213AB9B900241E4A /* Debug */ = {
			isa = XCBuildConfiguration;
			buildSettings = {
				ALWAYS_SEARCH_USER_PATHS = NO;
				CLANG_ANALYZER_NONNULL = YES;
				CLANG_ANALYZER_NUMBER_OBJECT_CONVERSION = YES_AGGRESSIVE;
				CLANG_CXX_LANGUAGE_STANDARD = "gnu++14";
				CLANG_CXX_LIBRARY = "libc++";
				CLANG_ENABLE_MODULES = YES;
				CLANG_ENABLE_OBJC_ARC = YES;
				CLANG_ENABLE_OBJC_WEAK = YES;
				CLANG_WARN_BLOCK_CAPTURE_AUTORELEASING = YES;
				CLANG_WARN_BOOL_CONVERSION = YES;
				CLANG_WARN_COMMA = YES;
				CLANG_WARN_CONSTANT_CONVERSION = YES;
				CLANG_WARN_DEPRECATED_OBJC_IMPLEMENTATIONS = YES;
				CLANG_WARN_DIRECT_OBJC_ISA_USAGE = YES_ERROR;
				CLANG_WARN_DOCUMENTATION_COMMENTS = YES;
				CLANG_WARN_EMPTY_BODY = YES;
				CLANG_WARN_ENUM_CONVERSION = YES;
				CLANG_WARN_INFINITE_RECURSION = YES;
				CLANG_WARN_INT_CONVERSION = YES;
				CLANG_WARN_NON_LITERAL_NULL_CONVERSION = YES;
				CLANG_WARN_OBJC_IMPLICIT_RETAIN_SELF = YES;
				CLANG_WARN_OBJC_LITERAL_CONVERSION = YES;
				CLANG_WARN_OBJC_ROOT_CLASS = YES_ERROR;
				CLANG_WARN_RANGE_LOOP_ANALYSIS = YES;
				CLANG_WARN_STRICT_PROTOTYPES = YES;
				CLANG_WARN_SUSPICIOUS_MOVE = YES;
				CLANG_WARN_UNGUARDED_AVAILABILITY = YES_AGGRESSIVE;
				CLANG_WARN_UNREACHABLE_CODE = YES;
				CLANG_WARN__DUPLICATE_METHOD_MATCH = YES;
				CODE_SIGN_IDENTITY = "iPhone Developer";
				COPY_PHASE_STRIP = NO;
				DEBUG_INFORMATION_FORMAT = dwarf;
				ENABLE_STRICT_OBJC_MSGSEND = YES;
				ENABLE_TESTABILITY = YES;
				GCC_C_LANGUAGE_STANDARD = gnu11;
				GCC_DYNAMIC_NO_PIC = NO;
				GCC_NO_COMMON_BLOCKS = YES;
				GCC_OPTIMIZATION_LEVEL = 0;
				GCC_PREPROCESSOR_DEFINITIONS = (
					"DEBUG=1",
					"$(inherited)",
				);
				GCC_WARN_64_TO_32_BIT_CONVERSION = YES;
				GCC_WARN_ABOUT_RETURN_TYPE = YES_ERROR;
				GCC_WARN_UNDECLARED_SELECTOR = YES;
				GCC_WARN_UNINITIALIZED_AUTOS = YES_AGGRESSIVE;
				GCC_WARN_UNUSED_FUNCTION = YES;
				GCC_WARN_UNUSED_VARIABLE = YES;
				IPHONEOS_DEPLOYMENT_TARGET = 11.4;
				MTL_ENABLE_DEBUG_INFO = YES;
				ONLY_ACTIVE_ARCH = YES;
				SDKROOT = iphoneos;
				SWIFT_ACTIVE_COMPILATION_CONDITIONS = DEBUG;
				SWIFT_OPTIMIZATION_LEVEL = "-Onone";
			};
			name = Debug;
		};
		9A8F4474213AB9B900241E4A /* Release */ = {
			isa = XCBuildConfiguration;
			buildSettings = {
				ALWAYS_SEARCH_USER_PATHS = NO;
				CLANG_ANALYZER_NONNULL = YES;
				CLANG_ANALYZER_NUMBER_OBJECT_CONVERSION = YES_AGGRESSIVE;
				CLANG_CXX_LANGUAGE_STANDARD = "gnu++14";
				CLANG_CXX_LIBRARY = "libc++";
				CLANG_ENABLE_MODULES = YES;
				CLANG_ENABLE_OBJC_ARC = YES;
				CLANG_ENABLE_OBJC_WEAK = YES;
				CLANG_WARN_BLOCK_CAPTURE_AUTORELEASING = YES;
				CLANG_WARN_BOOL_CONVERSION = YES;
				CLANG_WARN_COMMA = YES;
				CLANG_WARN_CONSTANT_CONVERSION = YES;
				CLANG_WARN_DEPRECATED_OBJC_IMPLEMENTATIONS = YES;
				CLANG_WARN_DIRECT_OBJC_ISA_USAGE = YES_ERROR;
				CLANG_WARN_DOCUMENTATION_COMMENTS = YES;
				CLANG_WARN_EMPTY_BODY = YES;
				CLANG_WARN_ENUM_CONVERSION = YES;
				CLANG_WARN_INFINITE_RECURSION = YES;
				CLANG_WARN_INT_CONVERSION = YES;
				CLANG_WARN_NON_LITERAL_NULL_CONVERSION = YES;
				CLANG_WARN_OBJC_IMPLICIT_RETAIN_SELF = YES;
				CLANG_WARN_OBJC_LITERAL_CONVERSION = YES;
				CLANG_WARN_OBJC_ROOT_CLASS = YES_ERROR;
				CLANG_WARN_RANGE_LOOP_ANALYSIS = YES;
				CLANG_WARN_STRICT_PROTOTYPES = YES;
				CLANG_WARN_SUSPICIOUS_MOVE = YES;
				CLANG_WARN_UNGUARDED_AVAILABILITY = YES_AGGRESSIVE;
				CLANG_WARN_UNREACHABLE_CODE = YES;
				CLANG_WARN__DUPLICATE_METHOD_MATCH = YES;
				CODE_SIGN_IDENTITY = "iPhone Developer";
				COPY_PHASE_STRIP = NO;
				DEBUG_INFORMATION_FORMAT = "dwarf-with-dsym";
				ENABLE_NS_ASSERTIONS = NO;
				ENABLE_STRICT_OBJC_MSGSEND = YES;
				GCC_C_LANGUAGE_STANDARD = gnu11;
				GCC_NO_COMMON_BLOCKS = YES;
				GCC_WARN_64_TO_32_BIT_CONVERSION = YES;
				GCC_WARN_ABOUT_RETURN_TYPE = YES_ERROR;
				GCC_WARN_UNDECLARED_SELECTOR = YES;
				GCC_WARN_UNINITIALIZED_AUTOS = YES_AGGRESSIVE;
				GCC_WARN_UNUSED_FUNCTION = YES;
				GCC_WARN_UNUSED_VARIABLE = YES;
				IPHONEOS_DEPLOYMENT_TARGET = 11.4;
				MTL_ENABLE_DEBUG_INFO = NO;
				SDKROOT = iphoneos;
				SWIFT_COMPILATION_MODE = wholemodule;
				SWIFT_OPTIMIZATION_LEVEL = "-O";
				VALIDATE_PRODUCT = YES;
			};
			name = Release;
		};
		9A8F4476213AB9B900241E4A /* Debug */ = {
			isa = XCBuildConfiguration;
			buildSettings = {
				ASSETCATALOG_COMPILER_APPICON_NAME = AppIcon;
				CODE_SIGN_STYLE = Automatic;
				INFOPLIST_FILE = WikiSearch/Info.plist;
				LD_RUNPATH_SEARCH_PATHS = (
					"$(inherited)",
					"@executable_path/Frameworks",
				);
				PRODUCT_BUNDLE_IDENTIFIER = dipika.WikiSearch;
				PRODUCT_NAME = "$(TARGET_NAME)";
				SWIFT_VERSION = 4.0;
				TARGETED_DEVICE_FAMILY = "1,2";
			};
			name = Debug;
		};
		9A8F4477213AB9B900241E4A /* Release */ = {
			isa = XCBuildConfiguration;
			buildSettings = {
				ASSETCATALOG_COMPILER_APPICON_NAME = AppIcon;
				CODE_SIGN_STYLE = Automatic;
				INFOPLIST_FILE = WikiSearch/Info.plist;
				LD_RUNPATH_SEARCH_PATHS = (
					"$(inherited)",
					"@executable_path/Frameworks",
				);
				PRODUCT_BUNDLE_IDENTIFIER = dipika.WikiSearch;
				PRODUCT_NAME = "$(TARGET_NAME)";
				SWIFT_VERSION = 4.0;
				TARGETED_DEVICE_FAMILY = "1,2";
			};
			name = Release;
		};
/* End XCBuildConfiguration section */

/* Begin XCConfigurationList section */
		9A8F445E213AB9B800241E4A /* Build configuration list for PBXProject "WikiSearch" */ = {
			isa = XCConfigurationList;
			buildConfigurations = (
				9A8F4473213AB9B900241E4A /* Debug */,
				9A8F4474213AB9B900241E4A /* Release */,
			);
			defaultConfigurationIsVisible = 0;
			defaultConfigurationName = Release;
		};
		9A8F4475213AB9B900241E4A /* Build configuration list for PBXNativeTarget "WikiSearch" */ = {
			isa = XCConfigurationList;
			buildConfigurations = (
				9A8F4476213AB9B900241E4A /* Debug */,
				9A8F4477213AB9B900241E4A /* Release */,
			);
			defaultConfigurationIsVisible = 0;
			defaultConfigurationName = Release;
		};
/* End XCConfigurationList section */
	};
	rootObject = 9A8F445B213AB9B800241E4A /* Project object */;
}
